{
  "name": "web",
  "version": "1.0.0",
  "lockfileVersion": 1,
  "requires": true,
  "dependencies": {
    "@aspnet/signalr-client": {
      "version": "1.0.0-alpha2-27376",
      "resolved": "https://dotnet.myget.org/F/aspnetcore-ci-dev/npm/@aspnet/signalr-client/-/@aspnet/signalr-client-1.0.0-alpha2-27376.tgz",
      "integrity": "sha1-a3W3jqSRe0RCbE3Ooe5o5Kdw9lk=",
      "requires": {
        "msgpack5": "3.5.1"
      }
    },
    "@types/es6-promise": {
      "version": "0.0.33",
      "resolved": "https://registry.npmjs.org/@types/es6-promise/-/es6-promise-0.0.33.tgz",
      "integrity": "sha512-HKJFVLCGrWQ/1unEw8JdaTxu6n3EUxmwTxJ6D0O1x0gD8joCsgoTWxEgevb7fp2XIogNjof3KEd+3bJoGne/nw=="
    },
    "@types/jquery": {
      "version": "3.2.12",
      "resolved": "https://registry.npmjs.org/@types/jquery/-/jquery-3.2.12.tgz",
      "integrity": "sha512-xZzTbUju6AYFE/088UcH2+dB7yTLHlujDju9pfncD1WLl2LWa6Mn+WzKjFfhn8YA+he53j5K0Rfdw89BN0kDug=="
    },
    "@types/knockout": {
      "version": "3.4.45",
      "resolved": "https://registry.npmjs.org/@types/knockout/-/knockout-3.4.45.tgz",
      "integrity": "sha512-RgzIhwDtvem3rHxmyMokAEGsPk/b0npoKUgGkIKXiEj89B1TXXbWd1fC8BPxV/CyPg5kLD5QKK24MzXdU6DDvQ=="
    },
    "bl": {
      "version": "1.2.1",
      "resolved": "https://registry.npmjs.org/bl/-/bl-1.2.1.tgz",
      "integrity": "sha1-ysMo977kVzDUBLaSID/LWQ4XLV4=",
      "requires": {
        "readable-stream": "2.3.3"
      }
    },
    "bootstrap": {
      "version": "4.0.0-beta.2",
      "resolved": "https://registry.npmjs.org/bootstrap/-/bootstrap-4.0.0-beta.2.tgz",
      "integrity": "sha512-DzGtdTlKbrMoGMpz0LigKSqJ+MgtFKxA791PU/q062OlRG0HybNZcTLH7rpDAmLS66Y3esN9yzKHLLbqa5UR3w=="
    },
    "bootswatch": {
      "version": "4.0.0-alpha.6",
      "resolved": "https://registry.npmjs.org/bootswatch/-/bootswatch-4.0.0-alpha.6.tgz",
      "integrity": "sha1-411DwH7cVGLI5JYLXDU+zAOTKps="
    },
    "core-util-is": {
      "version": "1.0.2",
      "resolved": "https://registry.npmjs.org/core-util-is/-/core-util-is-1.0.2.tgz",
      "integrity": "sha1-tf1UIgqivFq1eqtxQMlAdUUDwac="
    },
    "highcharts": {
      "version": "6.0.2",
      "resolved": "https://registry.npmjs.org/highcharts/-/highcharts-6.0.2.tgz",
      "integrity": "sha1-48TJmKIc5r+nlFj6LIfZZ+kjSr4="
    },
    "inherits": {
      "version": "2.0.3",
      "resolved": "https://registry.npmjs.org/inherits/-/inherits-2.0.3.tgz",
      "integrity": "sha1-Yzwsg+PaQqUC9SRmAiSA9CCCYd4="
    },
    "isarray": {
      "version": "1.0.0",
      "resolved": "https://registry.npmjs.org/isarray/-/isarray-1.0.0.tgz",
      "integrity": "sha1-u5NdSFgsuhaMBoNJV6VKPgcSTxE="
    },
    "jquery": {
      "version": "3.2.1",
      "resolved": "https://registry.npmjs.org/jquery/-/jquery-3.2.1.tgz",
      "integrity": "sha1-XE2d5lKvbNCncBVKYxu6ErAVx4c="
    },
    "knockout": {
      "version": "3.4.2",
      "resolved": "https://registry.npmjs.org/knockout/-/knockout-3.4.2.tgz",
      "integrity": "sha1-6HlY3netHpNvfOZFuri118RW2Tc="
    },
    "leaflet": {
      "version": "1.2.0",
      "resolved": "https://registry.npmjs.org/leaflet/-/leaflet-1.2.0.tgz",
      "integrity": "sha512-Bold8phAE6WcRsuwhofrQ7cOK1REFHaYIkKuj7+TBYK3ONKRpGGIb5oXR5akYotFnrWN0TWKh6Svlhflm3dogg=="
    },
    "msgpack5": {
      "version": "3.5.1",
      "resolved": "https://registry.npmjs.org/msgpack5/-/msgpack5-3.5.1.tgz",
      "integrity": "sha512-Umzq9b2rUCSQMArFlBYdmYm0DvDCpcJWUNefG6sVd1VtAxngpueQMhsuHno6p9IKUT2tCKc7mS1dvpPb476R1A==",
      "requires": {
        "bl": "1.2.1",
        "inherits": "2.0.3",
        "readable-stream": "2.3.3",
        "safe-buffer": "5.1.1"
      }
    },
    "nprogress": {
      "version": "0.2.0",
      "resolved": "https://registry.npmjs.org/nprogress/-/nprogress-0.2.0.tgz",
      "integrity": "sha1-y480xTIT2JVyP8urkH6UIq28r7E="
    },
    "popper.js": {
      "version": "1.12.6",
      "resolved": "https://registry.npmjs.org/popper.js/-/popper.js-1.12.6.tgz",
      "integrity": "sha512-wZlMkIJM1hFcM9F7nSrRCbKKfkH0kk/GrCoj3EUoKU8kx9xPtvnOZNHKsQOM12+xqbYv2HeBWI8Y8pxb6vmnRQ=="
    },
    "process-nextick-args": {
      "version": "1.0.7",
      "resolved": "https://registry.npmjs.org/process-nextick-args/-/process-nextick-args-1.0.7.tgz",
      "integrity": "sha1-FQ4gt1ZZCtP5EJPyWk8q2L/zC6M="
    },
    "readable-stream": {
      "version": "2.3.3",
      "resolved": "https://registry.npmjs.org/readable-stream/-/readable-stream-2.3.3.tgz",
      "integrity": "sha512-m+qzzcn7KUxEmd1gMbchF+Y2eIUbieUaxkWtptyHywrX0rE8QEYqPC07Vuy4Wm32/xE16NcdBctb8S0Xe/5IeQ==",
      "requires": {
        "core-util-is": "1.0.2",
        "inherits": "2.0.3",
        "isarray": "1.0.0",
        "process-nextick-args": "1.0.7",
        "safe-buffer": "5.1.1",
        "string_decoder": "1.0.3",
        "util-deprecate": "1.0.2"
      }
    },
    "safe-buffer": {
      "version": "5.1.1",
      "resolved": "https://registry.npmjs.org/safe-buffer/-/safe-buffer-5.1.1.tgz",
      "integrity": "sha512-kKvNJn6Mm93gAczWVJg7wH+wGYWNrDHdWvpUmHyEsgCtIwwo3bqPtV4tR5tuPaUhTOo/kvhVwd8XwwOllGYkbg=="
    },
    "sammy": {
      "version": "0.7.6",
      "resolved": "https://registry.npmjs.org/sammy/-/sammy-0.7.6.tgz",
      "integrity": "sha1-Rk/lTR+JZhzDqYgAYwVxEyHpqcE="
    },
    "string_decoder": {
      "version": "1.0.3",
      "resolved": "https://registry.npmjs.org/string_decoder/-/string_decoder-1.0.3.tgz",
      "integrity": "sha512-4AH6Z5fzNNBcH+6XDMfA/BTt87skxqJlO0lAh3Dker5zThcAxG6mKz+iGu308UKoPPQ8Dcqx/4JhujzltRa+hQ==",
      "requires": {
        "safe-buffer": "5.1.1"
      }
    },
    "tether": {
      "version": "1.4.0",
      "resolved": "https://registry.npmjs.org/tether/-/tether-1.4.0.tgz",
      "integrity": "sha1-D5+hcfdb9YSF2BSelHmdeudNHBo="
    },
    "toastr": {
      "version": "2.1.2",
      "resolved": "https://registry.npmjs.org/toastr/-/toastr-2.1.2.tgz",
      "integrity": "sha1-/WkGaudXilszV3JfycfDNem2gd8="
    },
    "util-deprecate": {
      "version": "1.0.2",
      "resolved": "https://registry.npmjs.org/util-deprecate/-/util-deprecate-1.0.2.tgz",
      "integrity": "sha1-RQ1Nyfpw3nMnYvvS1KKJgUGaDM8="
    }
  }
}
